// !$*UTF8*$!
{
	archiveVersion = 1;
	classes = {
	};
	objectVersion = 46;
	objects = {

/* Begin PBXBuildFile section */
		335C3CEC1D48093E002931E0 /* AppDelegate.swift in Sources */ = {isa = PBXBuildFile; fileRef = 335C3CEB1D48093E002931E0 /* AppDelegate.swift */; };
		335C3CEE1D48093E002931E0 /* HomeScreenViewController.swift in Sources */ = {isa = PBXBuildFile; fileRef = 335C3CED1D48093E002931E0 /* HomeScreenViewController.swift */; };
		335C3CF01D48093E002931E0 /* GardenViewController.swift in Sources */ = {isa = PBXBuildFile; fileRef = 335C3CEF1D48093E002931E0 /* GardenViewController.swift */; };
		335C3CF31D48093E002931E0 /* Main.storyboard in Resources */ = {isa = PBXBuildFile; fileRef = 335C3CF11D48093E002931E0 /* Main.storyboard */; };
		335C3CF51D48093E002931E0 /* Assets.xcassets in Resources */ = {isa = PBXBuildFile; fileRef = 335C3CF41D48093E002931E0 /* Assets.xcassets */; };
		335C3CF81D48093E002931E0 /* LaunchScreen.storyboard in Resources */ = {isa = PBXBuildFile; fileRef = 335C3CF61D48093E002931E0 /* LaunchScreen.storyboard */; };
		335C3D031D48093E002931E0 /* GardenBuddyTests.swift in Sources */ = {isa = PBXBuildFile; fileRef = 335C3D021D48093E002931E0 /* GardenBuddyTests.swift */; };
		335C3D0E1D48093E002931E0 /* GardenBuddyUITests.swift in Sources */ = {isa = PBXBuildFile; fileRef = 335C3D0D1D48093E002931E0 /* GardenBuddyUITests.swift */; };
		335C3D1C1D480D6E002931E0 /* PlantDetailViewController.swift in Sources */ = {isa = PBXBuildFile; fileRef = 335C3D1B1D480D6E002931E0 /* PlantDetailViewController.swift */; };
		335C3D1E1D481103002931E0 /* AddPlantViewController.swift in Sources */ = {isa = PBXBuildFile; fileRef = 335C3D1D1D481103002931E0 /* AddPlantViewController.swift */; };
/* End PBXBuildFile section */

/* Begin PBXContainerItemProxy section */
		335C3CFF1D48093E002931E0 /* PBXContainerItemProxy */ = {
			isa = PBXContainerItemProxy;
			containerPortal = 335C3CE01D48093E002931E0 /* Project object */;
			proxyType = 1;
			remoteGlobalIDString = 335C3CE71D48093E002931E0;
			remoteInfo = GardenBuddy;
		};
		335C3D0A1D48093E002931E0 /* PBXContainerItemProxy */ = {
			isa = PBXContainerItemProxy;
			containerPortal = 335C3CE01D48093E002931E0 /* Project object */;
			proxyType = 1;
			remoteGlobalIDString = 335C3CE71D48093E002931E0;
			remoteInfo = GardenBuddy;
		};
/* End PBXContainerItemProxy section */

/* Begin PBXFileReference section */
		335C3CE81D48093E002931E0 /* GardenBuddy.app */ = {isa = PBXFileReference; explicitFileType = wrapper.application; includeInIndex = 0; path = GardenBuddy.app; sourceTree = BUILT_PRODUCTS_DIR; };
		335C3CEB1D48093E002931E0 /* AppDelegate.swift */ = {isa = PBXFileReference; lastKnownFileType = sourcecode.swift; path = AppDelegate.swift; sourceTree = "<group>"; };
		335C3CED1D48093E002931E0 /* HomeScreenViewController.swift */ = {isa = PBXFileReference; lastKnownFileType = sourcecode.swift; path = HomeScreenViewController.swift; sourceTree = "<group>"; };
		335C3CEF1D48093E002931E0 /* GardenViewController.swift */ = {isa = PBXFileReference; lastKnownFileType = sourcecode.swift; path = GardenViewController.swift; sourceTree = "<group>"; };
		335C3CF21D48093E002931E0 /* Base */ = {isa = PBXFileReference; lastKnownFileType = file.storyboard; name = Base; path = Base.lproj/Main.storyboard; sourceTree = "<group>"; };
		335C3CF41D48093E002931E0 /* Assets.xcassets */ = {isa = PBXFileReference; lastKnownFileType = folder.assetcatalog; path = Assets.xcassets; sourceTree = "<group>"; };
		335C3CF71D48093E002931E0 /* Base */ = {isa = PBXFileReference; lastKnownFileType = file.storyboard; name = Base; path = Base.lproj/LaunchScreen.storyboard; sourceTree = "<group>"; };
		335C3CF91D48093E002931E0 /* Info.plist */ = {isa = PBXFileReference; lastKnownFileType = text.plist.xml; path = Info.plist; sourceTree = "<group>"; };
		335C3CFE1D48093E002931E0 /* GardenBuddyTests.xctest */ = {isa = PBXFileReference; explicitFileType = wrapper.cfbundle; includeInIndex = 0; path = GardenBuddyTests.xctest; sourceTree = BUILT_PRODUCTS_DIR; };
		335C3D021D48093E002931E0 /* GardenBuddyTests.swift */ = {isa = PBXFileReference; lastKnownFileType = sourcecode.swift; path = GardenBuddyTests.swift; sourceTree = "<group>"; };
		335C3D041D48093E002931E0 /* Info.plist */ = {isa = PBXFileReference; lastKnownFileType = text.plist.xml; path = Info.plist; sourceTree = "<group>"; };
		335C3D091D48093E002931E0 /* GardenBuddyUITests.xctest */ = {isa = PBXFileReference; explicitFileType = wrapper.cfbundle; includeInIndex = 0; path = GardenBuddyUITests.xctest; sourceTree = BUILT_PRODUCTS_DIR; };
		335C3D0D1D48093E002931E0 /* GardenBuddyUITests.swift */ = {isa = PBXFileReference; lastKnownFileType = sourcecode.swift; path = GardenBuddyUITests.swift; sourceTree = "<group>"; };
		335C3D0F1D48093E002931E0 /* Info.plist */ = {isa = PBXFileReference; lastKnownFileType = text.plist.xml; path = Info.plist; sourceTree = "<group>"; };
		335C3D1B1D480D6E002931E0 /* PlantDetailViewController.swift */ = {isa = PBXFileReference; fileEncoding = 4; lastKnownFileType = sourcecode.swift; path = PlantDetailViewController.swift; sourceTree = "<group>"; };
		335C3D1D1D481103002931E0 /* AddPlantViewController.swift */ = {isa = PBXFileReference; fileEncoding = 4; lastKnownFileType = sourcecode.swift; path = AddPlantViewController.swift; sourceTree = "<group>"; };
/* End PBXFileReference section */

/* Begin PBXFrameworksBuildPhase section */
		335C3CE51D48093E002931E0 /* Frameworks */ = {
			isa = PBXFrameworksBuildPhase;
			buildActionMask = 2147483647;
			files = (
			);
			runOnlyForDeploymentPostprocessing = 0;
		};
		335C3CFB1D48093E002931E0 /* Frameworks */ = {
			isa = PBXFrameworksBuildPhase;
			buildActionMask = 2147483647;
			files = (
			);
			runOnlyForDeploymentPostprocessing = 0;
		};
		335C3D061D48093E002931E0 /* Frameworks */ = {
			isa = PBXFrameworksBuildPhase;
			buildActionMask = 2147483647;
			files = (
			);
			runOnlyForDeploymentPostprocessing = 0;
		};
/* End PBXFrameworksBuildPhase section */

/* Begin PBXGroup section */
		335C3CDF1D48093E002931E0 = {
			isa = PBXGroup;
			children = (
				335C3CEA1D48093E002931E0 /* GardenBuddy */,
				335C3D011D48093E002931E0 /* GardenBuddyTests */,
				335C3D0C1D48093E002931E0 /* GardenBuddyUITests */,
				335C3CE91D48093E002931E0 /* Products */,
			);
			sourceTree = "<group>";
		};
		335C3CE91D48093E002931E0 /* Products */ = {
			isa = PBXGroup;
			children = (
				335C3CE81D48093E002931E0 /* GardenBuddy.app */,
				335C3CFE1D48093E002931E0 /* GardenBuddyTests.xctest */,
				335C3D091D48093E002931E0 /* GardenBuddyUITests.xctest */,
			);
			name = Products;
			sourceTree = "<group>";
		};
		335C3CEA1D48093E002931E0 /* GardenBuddy */ = {
			isa = PBXGroup;
			children = (
				335C3CEB1D48093E002931E0 /* AppDelegate.swift */,
				335C3CED1D48093E002931E0 /* HomeScreenViewController.swift */,
				335C3CEF1D48093E002931E0 /* GardenViewController.swift */,
				335C3D1B1D480D6E002931E0 /* PlantDetailViewController.swift */,
				335C3D1D1D481103002931E0 /* AddPlantViewController.swift */,
				335C3CF11D48093E002931E0 /* Main.storyboard */,
				335C3CF41D48093E002931E0 /* Assets.xcassets */,
				335C3CF61D48093E002931E0 /* LaunchScreen.storyboard */,
				335C3CF91D48093E002931E0 /* Info.plist */,
			);
			path = GardenBuddy;
			sourceTree = "<group>";
		};
		335C3D011D48093E002931E0 /* GardenBuddyTests */ = {
			isa = PBXGroup;
			children = (
				335C3D021D48093E002931E0 /* GardenBuddyTests.swift */,
				335C3D041D48093E002931E0 /* Info.plist */,
			);
			path = GardenBuddyTests;
			sourceTree = "<group>";
		};
		335C3D0C1D48093E002931E0 /* GardenBuddyUITests */ = {
			isa = PBXGroup;
			children = (
				335C3D0D1D48093E002931E0 /* GardenBuddyUITests.swift */,
				335C3D0F1D48093E002931E0 /* Info.plist */,
			);
			path = GardenBuddyUITests;
			sourceTree = "<group>";
		};
/* End PBXGroup section */

/* Begin PBXNativeTarget section */
		335C3CE71D48093E002931E0 /* GardenBuddy */ = {
			isa = PBXNativeTarget;
			buildConfigurationList = 335C3D121D48093E002931E0 /* Build configuration list for PBXNativeTarget "GardenBuddy" */;
			buildPhases = (
				335C3CE41D48093E002931E0 /* Sources */,
				335C3CE51D48093E002931E0 /* Frameworks */,
				335C3CE61D48093E002931E0 /* Resources */,
			);
			buildRules = (
			);
			dependencies = (
			);
			name = GardenBuddy;
			productName = GardenBuddy;
			productReference = 335C3CE81D48093E002931E0 /* GardenBuddy.app */;
			productType = "com.apple.product-type.application";
		};
		335C3CFD1D48093E002931E0 /* GardenBuddyTests */ = {
			isa = PBXNativeTarget;
			buildConfigurationList = 335C3D151D48093E002931E0 /* Build configuration list for PBXNativeTarget "GardenBuddyTests" */;
			buildPhases = (
				335C3CFA1D48093E002931E0 /* Sources */,
				335C3CFB1D48093E002931E0 /* Frameworks */,
				335C3CFC1D48093E002931E0 /* Resources */,
			);
			buildRules = (
			);
			dependencies = (
				335C3D001D48093E002931E0 /* PBXTargetDependency */,
			);
			name = GardenBuddyTests;
			productName = GardenBuddyTests;
			productReference = 335C3CFE1D48093E002931E0 /* GardenBuddyTests.xctest */;
			productType = "com.apple.product-type.bundle.unit-test";
		};
		335C3D081D48093E002931E0 /* GardenBuddyUITests */ = {
			isa = PBXNativeTarget;
			buildConfigurationList = 335C3D181D48093E002931E0 /* Build configuration list for PBXNativeTarget "GardenBuddyUITests" */;
			buildPhases = (
				335C3D051D48093E002931E0 /* Sources */,
				335C3D061D48093E002931E0 /* Frameworks */,
				335C3D071D48093E002931E0 /* Resources */,
			);
			buildRules = (
			);
			dependencies = (
				335C3D0B1D48093E002931E0 /* PBXTargetDependency */,
			);
			name = GardenBuddyUITests;
			productName = GardenBuddyUITests;
			productReference = 335C3D091D48093E002931E0 /* GardenBuddyUITests.xctest */;
			productType = "com.apple.product-type.bundle.ui-testing";
		};
/* End PBXNativeTarget section */

/* Begin PBXProject section */
		335C3CE01D48093E002931E0 /* Project object */ = {
			isa = PBXProject;
			attributes = {
				LastSwiftUpdateCheck = 0730;
				LastUpgradeCheck = 0730;
				ORGANIZATIONNAME = "Kevin & Scott";
				TargetAttributes = {
					335C3CE71D48093E002931E0 = {
						CreatedOnToolsVersion = 7.3.1;
					};
					335C3CFD1D48093E002931E0 = {
						CreatedOnToolsVersion = 7.3.1;
						TestTargetID = 335C3CE71D48093E002931E0;
					};
					335C3D081D48093E002931E0 = {
						CreatedOnToolsVersion = 7.3.1;
						TestTargetID = 335C3CE71D48093E002931E0;
					};
				};
			};
			buildConfigurationList = 335C3CE31D48093E002931E0 /* Build configuration list for PBXProject "GardenBuddy" */;
			compatibilityVersion = "Xcode 3.2";
			developmentRegion = English;
			hasScannedForEncodings = 0;
			knownRegions = (
				en,
				Base,
			);
			mainGroup = 335C3CDF1D48093E002931E0;
			productRefGroup = 335C3CE91D48093E002931E0 /* Products */;
			projectDirPath = "";
			projectRoot = "";
			targets = (
				335C3CE71D48093E002931E0 /* GardenBuddy */,
				335C3CFD1D48093E002931E0 /* GardenBuddyTests */,
				335C3D081D48093E002931E0 /* GardenBuddyUITests */,
			);
		};
/* End PBXProject section */

/* Begin PBXResourcesBuildPhase section */
		335C3CE61D48093E002931E0 /* Resources */ = {
			isa = PBXResourcesBuildPhase;
			buildActionMask = 2147483647;
			files = (
				335C3CF81D48093E002931E0 /* LaunchScreen.storyboard in Resources */,
				335C3CF51D48093E002931E0 /* Assets.xcassets in Resources */,
				335C3CF31D48093E002931E0 /* Main.storyboard in Resources */,
			);
			runOnlyForDeploymentPostprocessing = 0;
		};
		335C3CFC1D48093E002931E0 /* Resources */ = {
			isa = PBXResourcesBuildPhase;
			buildActionMask = 2147483647;
			files = (
			);
			runOnlyForDeploymentPostprocessing = 0;
		};
		335C3D071D48093E002931E0 /* Resources */ = {
			isa = PBXResourcesBuildPhase;
			buildActionMask = 2147483647;
			files = (
			);
			runOnlyForDeploymentPostprocessing = 0;
		};
/* End PBXResourcesBuildPhase section */

/* Begin PBXSourcesBuildPhase section */
		335C3CE41D48093E002931E0 /* Sources */ = {
			isa = PBXSourcesBuildPhase;
			buildActionMask = 2147483647;
			files = (
				335C3D1E1D481103002931E0 /* AddPlantViewController.swift in Sources */,
				335C3CF01D48093E002931E0 /* GardenViewController.swift in Sources */,
				335C3CEC1D48093E002931E0 /* AppDelegate.swift in Sources */,
				335C3CEE1D48093E002931E0 /* HomeScreenViewController.swift in Sources */,
				335C3D1C1D480D6E002931E0 /* PlantDetailViewController.swift in Sources */,
			);
			runOnlyForDeploymentPostprocessing = 0;
		};
		335C3CFA1D48093E002931E0 /* Sources */ = {
			isa = PBXSourcesBuildPhase;
			buildActionMask = 2147483647;
			files = (
				335C3D031D48093E002931E0 /* GardenBuddyTests.swift in Sources */,
			);
			runOnlyForDeploymentPostprocessing = 0;
		};
		335C3D051D48093E002931E0 /* Sources */ = {
			isa = PBXSourcesBuildPhase;
			buildActionMask = 2147483647;
			files = (
				335C3D0E1D48093E002931E0 /* GardenBuddyUITests.swift in Sources */,
			);
			runOnlyForDeploymentPostprocessing = 0;
		};
/* End PBXSourcesBuildPhase section */

/* Begin PBXTargetDependency section */
		335C3D001D48093E002931E0 /* PBXTargetDependency */ = {
			isa = PBXTargetDependency;
			target = 335C3CE71D48093E002931E0 /* GardenBuddy */;
			targetProxy = 335C3CFF1D48093E002931E0 /* PBXContainerItemProxy */;
		};
		335C3D0B1D48093E002931E0 /* PBXTargetDependency */ = {
			isa = PBXTargetDependency;
			target = 335C3CE71D48093E002931E0 /* GardenBuddy */;
			targetProxy = 335C3D0A1D48093E002931E0 /* PBXContainerItemProxy */;
		};
/* End PBXTargetDependency section */

/* Begin PBXVariantGroup section */
		335C3CF11D48093E002931E0 /* Main.storyboard */ = {
			isa = PBXVariantGroup;
			children = (
				335C3CF21D48093E002931E0 /* Base */,
			);
			name = Main.storyboard;
			sourceTree = "<group>";
		};
		335C3CF61D48093E002931E0 /* LaunchScreen.storyboard */ = {
			isa = PBXVariantGroup;
			children = (
				335C3CF71D48093E002931E0 /* Base */,
			);
			name = LaunchScreen.storyboard;
			sourceTree = "<group>";
		};
/* End PBXVariantGroup section */

/* Begin XCBuildConfiguration section */
		335C3D101D48093E002931E0 /* Debug */ = {
			isa = XCBuildConfiguration;
			buildSettings = {
				ALWAYS_SEARCH_USER_PATHS = NO;
				CLANG_ANALYZER_NONNULL = YES;
				CLANG_CXX_LANGUAGE_STANDARD = "gnu++0x";
				CLANG_CXX_LIBRARY = "libc++";
				CLANG_ENABLE_MODULES = YES;
				CLANG_ENABLE_OBJC_ARC = YES;
				CLANG_WARN_BOOL_CONVERSION = YES;
				CLANG_WARN_CONSTANT_CONVERSION = YES;
				CLANG_WARN_DIRECT_OBJC_ISA_USAGE = YES_ERROR;
				CLANG_WARN_EMPTY_BODY = YES;
				CLANG_WARN_ENUM_CONVERSION = YES;
				CLANG_WARN_INT_CONVERSION = YES;
				CLANG_WARN_OBJC_ROOT_CLASS = YES_ERROR;
				CLANG_WARN_UNREACHABLE_CODE = YES;
				CLANG_WARN__DUPLICATE_METHOD_MATCH = YES;
				"CODE_SIGN_IDENTITY[sdk=iphoneos*]" = "iPhone Developer";
				COPY_PHASE_STRIP = NO;
				DEBUG_INFORMATION_FORMAT = dwarf;
				ENABLE_STRICT_OBJC_MSGSEND = YES;
				ENABLE_TESTABILITY = YES;
				GCC_C_LANGUAGE_STANDARD = gnu99;
				GCC_DYNAMIC_NO_PIC = NO;
				GCC_NO_COMMON_BLOCKS = YES;
				GCC_OPTIMIZATION_LEVEL = 0;
				GCC_PREPROCESSOR_DEFINITIONS = (
					"DEBUG=1",
					"$(inherited)",
				);
				GCC_WARN_64_TO_32_BIT_CONVERSION = YES;
				GCC_WARN_ABOUT_RETURN_TYPE = YES_ERROR;
				GCC_WARN_UNDECLARED_SELECTOR = YES;
				GCC_WARN_UNINITIALIZED_AUTOS = YES_AGGRESSIVE;
				GCC_WARN_UNUSED_FUNCTION = YES;
				GCC_WARN_UNUSED_VARIABLE = YES;
				IPHONEOS_DEPLOYMENT_TARGET = 9.3;
				MTL_ENABLE_DEBUG_INFO = YES;
				ONLY_ACTIVE_ARCH = YES;
				SDKROOT = iphoneos;
				SWIFT_OPTIMIZATION_LEVEL = "-Onone";
			};
			name = Debug;
		};
		335C3D111D48093E002931E0 /* Release */ = {
			isa = XCBuildConfiguration;
			buildSettings = {
				ALWAYS_SEARCH_USER_PATHS = NO;
				CLANG_ANALYZER_NONNULL = YES;
				CLANG_CXX_LANGUAGE_STANDARD = "gnu++0x";
				CLANG_CXX_LIBRARY = "libc++";
				CLANG_ENABLE_MODULES = YES;
				CLANG_ENABLE_OBJC_ARC = YES;
				CLANG_WARN_BOOL_CONVERSION = YES;
				CLANG_WARN_CONSTANT_CONVERSION = YES;
				CLANG_WARN_DIRECT_OBJC_ISA_USAGE = YES_ERROR;
				CLANG_WARN_EMPTY_BODY = YES;
				CLANG_WARN_ENUM_CONVERSION = YES;
				CLANG_WARN_INT_CONVERSION = YES;
				CLANG_WARN_OBJC_ROOT_CLASS = YES_ERROR;
				CLANG_WARN_UNREACHABLE_CODE = YES;
				CLANG_WARN__DUPLICATE_METHOD_MATCH = YES;
				"CODE_SIGN_IDENTITY[sdk=iphoneos*]" = "iPhone Developer";
				COPY_PHASE_STRIP = NO;
				DEBUG_INFORMATION_FORMAT = "dwarf-with-dsym";
				ENABLE_NS_ASSERTIONS = NO;
				ENABLE_STRICT_OBJC_MSGSEND = YES;
				GCC_C_LANGUAGE_STANDARD = gnu99;
				GCC_NO_COMMON_BLOCKS = YES;
				GCC_WARN_64_TO_32_BIT_CONVERSION = YES;
				GCC_WARN_ABOUT_RETURN_TYPE = YES_ERROR;
				GCC_WARN_UNDECLARED_SELECTOR = YES;
				GCC_WARN_UNINITIALIZED_AUTOS = YES_AGGRESSIVE;
				GCC_WARN_UNUSED_FUNCTION = YES;
				GCC_WARN_UNUSED_VARIABLE = YES;
				IPHONEOS_DEPLOYMENT_TARGET = 9.3;
				MTL_ENABLE_DEBUG_INFO = NO;
				SDKROOT = iphoneos;
				VALIDATE_PRODUCT = YES;
			};
			name = Release;
		};
		335C3D131D48093E002931E0 /* Debug */ = {
			isa = XCBuildConfiguration;
			buildSettings = {
				ASSETCATALOG_COMPILER_APPICON_NAME = AppIcon;
				INFOPLIST_FILE = GardenBuddy/Info.plist;
				LD_RUNPATH_SEARCH_PATHS = "$(inherited) @executable_path/Frameworks";
				PRODUCT_BUNDLE_IDENTIFIER = edu.gvsu.cis380.GardenBuddy;
				PRODUCT_NAME = "$(TARGET_NAME)";
			};
			name = Debug;
		};
		335C3D141D48093E002931E0 /* Release */ = {
			isa = XCBuildConfiguration;
			buildSettings = {
				ASSETCATALOG_COMPILER_APPICON_NAME = AppIcon;
				INFOPLIST_FILE = GardenBuddy/Info.plist;
				LD_RUNPATH_SEARCH_PATHS = "$(inherited) @executable_path/Frameworks";
				PRODUCT_BUNDLE_IDENTIFIER = edu.gvsu.cis380.GardenBuddy;
				PRODUCT_NAME = "$(TARGET_NAME)";
			};
			name = Release;
		};
		335C3D161D48093E002931E0 /* Debug */ = {
			isa = XCBuildConfiguration;
			buildSettings = {
				BUNDLE_LOADER = "$(TEST_HOST)";
				INFOPLIST_FILE = GardenBuddyTests/Info.plist;
				LD_RUNPATH_SEARCH_PATHS = "$(inherited) @executable_path/Frameworks @loader_path/Frameworks";
				PRODUCT_BUNDLE_IDENTIFIER = edu.gvsu.cis380.GardenBuddyTests;
				PRODUCT_NAME = "$(TARGET_NAME)";
				TEST_HOST = "$(BUILT_PRODUCTS_DIR)/GardenBuddy.app/GardenBuddy";
			};
			name = Debug;
		};
		335C3D171D48093E002931E0 /* Release */ = {
			isa = XCBuildConfiguration;
			buildSettings = {
				BUNDLE_LOADER = "$(TEST_HOST)";
				INFOPLIST_FILE = GardenBuddyTests/Info.plist;
				LD_RUNPATH_SEARCH_PATHS = "$(inherited) @executable_path/Frameworks @loader_path/Frameworks";
				PRODUCT_BUNDLE_IDENTIFIER = edu.gvsu.cis380.GardenBuddyTests;
				PRODUCT_NAME = "$(TARGET_NAME)";
				TEST_HOST = "$(BUILT_PRODUCTS_DIR)/GardenBuddy.app/GardenBuddy";
			};
			name = Release;
		};
		335C3D191D48093E002931E0 /* Debug */ = {
			isa = XCBuildConfiguration;
			buildSettings = {
				INFOPLIST_FILE = GardenBuddyUITests/Info.plist;
				LD_RUNPATH_SEARCH_PATHS = "$(inherited) @executable_path/Frameworks @loader_path/Frameworks";
				PRODUCT_BUNDLE_IDENTIFIER = edu.gvsu.cis380.GardenBuddyUITests;
				PRODUCT_NAME = "$(TARGET_NAME)";
				TEST_TARGET_NAME = GardenBuddy;
			};
			name = Debug;
		};
		335C3D1A1D48093E002931E0 /* Release */ = {
			isa = XCBuildConfiguration;
			buildSettings = {
				INFOPLIST_FILE = GardenBuddyUITests/Info.plist;
				LD_RUNPATH_SEARCH_PATHS = "$(inherited) @executable_path/Frameworks @loader_path/Frameworks";
				PRODUCT_BUNDLE_IDENTIFIER = edu.gvsu.cis380.GardenBuddyUITests;
				PRODUCT_NAME = "$(TARGET_NAME)";
				TEST_TARGET_NAME = GardenBuddy;
			};
			name = Release;
		};
/* End XCBuildConfiguration section */

/* Begin XCConfigurationList section */
		335C3CE31D48093E002931E0 /* Build configuration list for PBXProject "GardenBuddy" */ = {
			isa = XCConfigurationList;
			buildConfigurations = (
				335C3D101D48093E002931E0 /* Debug */,
				335C3D111D48093E002931E0 /* Release */,
			);
			defaultConfigurationIsVisible = 0;
			defaultConfigurationName = Release;
		};
		335C3D121D48093E002931E0 /* Build configuration list for PBXNativeTarget "GardenBuddy" */ = {
			isa = XCConfigurationList;
			buildConfigurations = (
				335C3D131D48093E002931E0 /* Debug */,
				335C3D141D48093E002931E0 /* Release */,
			);
			defaultConfigurationIsVisible = 0;
		};
		335C3D151D48093E002931E0 /* Build configuration list for PBXNativeTarget "GardenBuddyTests" */ = {
			isa = XCConfigurationList;
			buildConfigurations = (
				335C3D161D48093E002931E0 /* Debug */,
				335C3D171D48093E002931E0 /* Release */,
			);
			defaultConfigurationIsVisible = 0;
		};
		335C3D181D48093E002931E0 /* Build configuration list for PBXNativeTarget "GardenBuddyUITests" */ = {
			isa = XCConfigurationList;
			buildConfigurations = (
				335C3D191D48093E002931E0 /* Debug */,
				335C3D1A1D48093E002931E0 /* Release */,
			);
			defaultConfigurationIsVisible = 0;
		};
/* End XCConfigurationList section */
	};
	rootObject = 335C3CE01D48093E002931E0 /* Project object */;
}
